
Microsoft Visual Studio Solution File, Format Version 12.00
# Visual Studio Version 16
VisualStudioVersion = 16.0.30523.141
MinimumVisualStudioVersion = 10.0.40219.1
Project("{FAE04EC0-301F-11D3-BF4B-00C04F79EFBC}") = "RegistryRest", "RegistryRest\RegistryRest.csproj", "{66AB0B43-AF42-45BD-97EE-55E5B5F32291}"
EndProject
Global
	GlobalSection(SolutionConfigurationPlatforms) = preSolution
		Debug|Any CPU = Debug|Any CPU
		Release|Any CPU = Release|Any CPU
	EndGlobalSection
	GlobalSection(ProjectConfigurationPlatforms) = postSolution
		{66AB0B43-AF42-45BD-97EE-55E5B5F32291}.Debug|Any CPU.ActiveCfg = Debug|Any CPU
		{66AB0B43-AF42-45BD-97EE-55E5B5F32291}.Debug|Any CPU.Build.0 = Debug|Any CPU
		{66AB0B43-AF42-45BD-97EE-55E5B5F32291}.Release|Any CPU.ActiveCfg = Release|Any CPU
		{66AB0B43-AF42-45BD-97EE-55E5B5F32291}.Release|Any CPU.Build.0 = Release|Any CPU
	EndGlobalSection
	GlobalSection(SolutionProperties) = preSolution
		HideSolutionNode = FALSE
	EndGlobalSection
	GlobalSection(ExtensibilityGlobals) = postSolution
		SolutionGuid = {72B41C3A-E28A-4BED-AA30-FF78A3A8D4D7}
	EndGlobalSection
EndGlobal
